
Microsoft Visual Studio Solution File, Format Version 11.00
# Visual Studio 2010
Project("{FAE04EC0-301F-11D3-BF4B-00C04F79EFBC}") = "Assembly-CSharp", "Assembly-CSharp.csproj", "{a193fd47-f613-7085-b97e-4b34e7ced858}"
EndProject
Project("{FAE04EC0-301F-11D3-BF4B-00C04F79EFBC}") = "Assembly-CSharp-Editor", "Assembly-CSharp-Editor.csproj", "{d597297a-006e-7249-4bde-6c987f281c29}"
EndProject
Global
	GlobalSection(SolutionConfigurationPlatforms) = preSolution
		Debug|Any CPU = Debug|Any CPU
	EndGlobalSection
	GlobalSection(ProjectConfigurationPlatforms) = postSolution
		{a193fd47-f613-7085-b97e-4b34e7ced858}.Debug|Any CPU.ActiveCfg = Debug|Any CPU
		{a193fd47-f613-7085-b97e-4b34e7ced858}.Debug|Any CPU.Build.0 = Debug|Any CPU
		{d597297a-006e-7249-4bde-6c987f281c29}.Debug|Any CPU.ActiveCfg = Debug|Any CPU
		{d597297a-006e-7249-4bde-6c987f281c29}.Debug|Any CPU.Build.0 = Debug|Any CPU
	EndGlobalSection
	GlobalSection(SolutionProperties) = preSolution
		HideSolutionNode = FALSE
	EndGlobalSection
EndGlobal
